// !$*UTF8*$!
{
	archiveVersion = 1;
	classes = {};
	objectVersion = 56;
	objects = {

/* Begin PBXBuildFile section */
		111111111111111111111111 /* MECareApp.swift in Sources */ = {isa = PBXBuildFile; fileRef = 222222222222222222222222 /* MECareApp.swift */; };
/* End PBXBuildFile section */

/* Begin PBXFileReference section */
		222222222222222222222222 /* MECareApp.swift */ = {isa = PBXFileReference; lastKnownFileType = sourcecode.swift; path = MECare/MECareApp.swift; sourceTree = "<group>"; };
		333333333333333333333333 /* MECare.app */ = {isa = PBXFileReference; explicitFileType = wrapper.application; includeInIndex = 0; path = MECare.app; sourceTree = BUILT_PRODUCTS_DIR; };
/* End PBXFileReference section */

/* Begin PBXFrameworksBuildPhase section */
		444444444444444444444444 /* Frameworks */ = {
			isa = PBXFrameworksBuildPhase;
			buildActionMask = 2147483647;
			files = ();
			runOnlyForDeploymentPostprocessing = 0;
		};
/* End PBXFrameworksBuildPhase section */

/* Begin PBXGroup section */
		555555555555555555555555 = {
			isa = PBXGroup;
			children = (
				222222222222222222222222 /* MECareApp.swift */,
				666666666666666666666666 /* Products */,
			);
			sourceTree = "<group>";
		};
		666666666666666666666666 /* Products */ = {
			isa = PBXGroup;
			children = (
				333333333333333333333333 /* MECare.app */,
			);
			name = Products;
			sourceTree = "<group>";
		};
/* End PBXGroup section */

/* Begin PBXNativeTarget section */
		777777777777777777777777 /* MECare */ = {
			isa = PBXNativeTarget;
			buildConfigurationList = 888888888888888888888888 /* Build configuration list for PBXNativeTarget "MECare" */;
			buildPhases = (
				999999999999999999999999 /* Sources */,
				444444444444444444444444 /* Frameworks */,
				AAAAAAAAAAAAAAAAAAAAAAAA /* Resources */,
			);
			buildRules = ();
			dependencies = ();
			name = MECare;
			productName = MECare;
			productReference = 333333333333333333333333 /* MECare.app */;
			productType = "com.apple.product-type.application";
		};
/* End PBXNativeTarget section */

/* Begin PBXProject section */
		BBBBBBBBBBBBBBBBBBBBBBBB /* Project object */ = {
			isa = PBXProject;
			attributes = {
				BuildIndependentTargetsInParallel = 1;
				LastSwiftUpdateCheck = 1600;
				LastUpgradeCheck = 1600;
				TargetAttributes = {
					777777777777777777777777 = {CreatedOnToolsVersion = 16.0;};
				};
			};
			buildConfigurationList = CCCCCCCCCCCCCCCCCCCCCCCC /* Build configuration list for PBXProject "MECare" */;
			compatibilityVersion = "Xcode 14.0";
			developmentRegion = ar;
			hasScannedForEncodings = 0;
			knownRegions = (ar, en, Base);
			mainGroup = 555555555555555555555555;
			productRefGroup = 666666666666666666666666 /* Products */;
			projectDirPath = "";
			projectRoot = "";
			targets = (777777777777777777777777 /* MECare */);
		};
/* End PBXProject section */

/* Begin PBXResourcesBuildPhase section */
		AAAAAAAAAAAAAAAAAAAAAAAA /* Resources */ = {
			isa = PBXResourcesBuildPhase;
			buildActionMask = 2147483647;
			files = ();
			runOnlyForDeploymentPostprocessing = 0;
		};
/* End PBXResourcesBuildPhase section */

/* Begin PBXSourcesBuildPhase section */
		999999999999999999999999 /* Sources */ = {
			isa = PBXSourcesBuildPhase;
			buildActionMask = 2147483647;
			files = (111111111111111111111111 /* MECareApp.swift in Sources */);
			runOnlyForDeploymentPostprocessing = 0;
		};
/* End PBXSourcesBuildPhase section */

/* Begin XCBuildConfiguration section */
		DDDDDDDDDDDDDDDDDDDDDDDD /* Debug */ = {
			isa = XCBuildConfiguration;
			buildSettings = {
				CLANG_ENABLE_MODULES = YES;
				SWIFT_VERSION = 5.0;
			};
			name = Debug;
		};
		EEEEEEEEEEEEEEEEEEEEEEEE /* Release */ = {
			isa = XCBuildConfiguration;
			buildSettings = {
				CLANG_ENABLE_MODULES = YES;
				SWIFT_VERSION = 5.0;
			};
			name = Release;
		};
		FFFFFFFFFFFFFFFFFFFFFFFF /* Debug */ = {
			isa = XCBuildConfiguration;
			buildSettings = {
				CODE_SIGN_STYLE = Automatic;
				CURRENT_PROJECT_VERSION = 1;
				ENABLE_PREVIEWS = YES;
				GENERATE_INFOPLIST_FILE = NO;
				INFOPLIST_FILE = MECare/Info.plist;
				IPHONEOS_DEPLOYMENT_TARGET = 16.0;
				MARKETING_VERSION = 1.0;
				PRODUCT_BUNDLE_IDENTIFIER = com.engineermahmoudebid.mecare;
				PRODUCT_NAME = "$(TARGET_NAME)";
				SDKROOT = iphoneos;
				SUPPORTED_PLATFORMS = "iphoneos iphonesimulator";
				SUPPORTS_MACCATALYST = NO;
				SWIFT_VERSION = 5.0;
				TARGETED_DEVICE_FAMILY = "1,2";
			};
			name = Debug;
		};
		121212121212121212121212 /* Release */ = {
			isa = XCBuildConfiguration;
			buildSettings = {
				CODE_SIGN_STYLE = Automatic;
				CURRENT_PROJECT_VERSION = 1;
				GENERATE_INFOPLIST_FILE = NO;
				INFOPLIST_FILE = MECare/Info.plist;
				IPHONEOS_DEPLOYMENT_TARGET = 16.0;
				MARKETING_VERSION = 1.0;
				PRODUCT_BUNDLE_IDENTIFIER = com.engineermahmoudebid.mecare;
				PRODUCT_NAME = "$(TARGET_NAME)";
				SDKROOT = iphoneos;
				SUPPORTED_PLATFORMS = "iphoneos iphonesimulator";
				SUPPORTS_MACCATALYST = NO;
				SWIFT_COMPILATION_MODE = wholemodule;
				SWIFT_OPTIMIZATION_LEVEL = "-O";
				SWIFT_VERSION = 5.0;
				TARGETED_DEVICE_FAMILY = "1,2";
			};
			name = Release;
		};
/* End XCBuildConfiguration section */

/* Begin XCConfigurationList section */
		CCCCCCCCCCCCCCCCCCCCCCCC /* Build configuration list for PBXProject "MECare" */ = {
			isa = XCConfigurationList;
			buildConfigurations = (DDDDDDDDDDDDDDDDDDDDDDDD /* Debug */, EEEEEEEEEEEEEEEEEEEEEEEE /* Release */);
			defaultConfigurationIsVisible = 0;
			defaultConfigurationName = Release;
		};
		888888888888888888888888 /* Build configuration list for PBXNativeTarget "MECare" */ = {
			isa = XCConfigurationList;
			buildConfigurations = (FFFFFFFFFFFFFFFFFFFFFFFF /* Debug */, 121212121212121212121212 /* Release */);
			defaultConfigurationIsVisible = 0;
			defaultConfigurationName = Release;
		};
/* End XCConfigurationList section */
	};
	rootObject = BBBBBBBBBBBBBBBBBBBBBBBB /* Project object */;
}
